
Microsoft Visual Studio Solution File, Format Version 12.00
# Visual Studio Version 17
VisualStudioVersion = 17.8.34330.188
MinimumVisualStudioVersion = 10.0.40219.1
Project("{FAE04EC0-301F-11D3-BF4B-00C04F79EFBC}") = "atividadeAvaliativa1", "atividadeAvaliativa1\atividadeAvaliativa1.csproj", "{22C9376D-8090-479F-9AFD-2DAD79C3F5C5}"
EndProject
Global
	GlobalSection(SolutionConfigurationPlatforms) = preSolution
		Debug|Any CPU = Debug|Any CPU
		Release|Any CPU = Release|Any CPU
	EndGlobalSection
	GlobalSection(ProjectConfigurationPlatforms) = postSolution
		{22C9376D-8090-479F-9AFD-2DAD79C3F5C5}.Debug|Any CPU.ActiveCfg = Debug|Any CPU
		{22C9376D-8090-479F-9AFD-2DAD79C3F5C5}.Debug|Any CPU.Build.0 = Debug|Any CPU
		{22C9376D-8090-479F-9AFD-2DAD79C3F5C5}.Release|Any CPU.ActiveCfg = Release|Any CPU
		{22C9376D-8090-479F-9AFD-2DAD79C3F5C5}.Release|Any CPU.Build.0 = Release|Any CPU
	EndGlobalSection
	GlobalSection(SolutionProperties) = preSolution
		HideSolutionNode = FALSE
	EndGlobalSection
	GlobalSection(ExtensibilityGlobals) = postSolution
		SolutionGuid = {5760784D-F2BC-4470-A814-B5BF266611E1}
	EndGlobalSection
EndGlobal
