
Microsoft Visual Studio Solution File, Format Version 12.00
# Visual Studio Version 17
VisualStudioVersion = 17.8.34330.188
MinimumVisualStudioVersion = 10.0.40219.1
Project("{FAE04EC0-301F-11D3-BF4B-00C04F79EFBC}") = "exe4pag81", "exe4pag81\exe4pag81.csproj", "{7FEEFD9A-3908-44E1-B458-AD4B47148205}"
EndProject
Global
	GlobalSection(SolutionConfigurationPlatforms) = preSolution
		Debug|Any CPU = Debug|Any CPU
		Release|Any CPU = Release|Any CPU
	EndGlobalSection
	GlobalSection(ProjectConfigurationPlatforms) = postSolution
		{7FEEFD9A-3908-44E1-B458-AD4B47148205}.Debug|Any CPU.ActiveCfg = Debug|Any CPU
		{7FEEFD9A-3908-44E1-B458-AD4B47148205}.Debug|Any CPU.Build.0 = Debug|Any CPU
		{7FEEFD9A-3908-44E1-B458-AD4B47148205}.Release|Any CPU.ActiveCfg = Release|Any CPU
		{7FEEFD9A-3908-44E1-B458-AD4B47148205}.Release|Any CPU.Build.0 = Release|Any CPU
	EndGlobalSection
	GlobalSection(SolutionProperties) = preSolution
		HideSolutionNode = FALSE
	EndGlobalSection
	GlobalSection(ExtensibilityGlobals) = postSolution
		SolutionGuid = {84913231-ADFB-4676-91AB-99292805DE32}
	EndGlobalSection
EndGlobal
