
Microsoft Visual Studio Solution File, Format Version 12.00
# Visual Studio Version 17
VisualStudioVersion = 17.14.36401.2 d17.14
MinimumVisualStudioVersion = 10.0.40219.1
Project("{FAE04EC0-301F-11D3-BF4B-00C04F79EFBC}") = "exe6pag81", "exe6pag81\exe6pag81.csproj", "{3C0704DA-5E9F-4176-8A57-02120A27EBDC}"
EndProject
Global
	GlobalSection(SolutionConfigurationPlatforms) = preSolution
		Debug|Any CPU = Debug|Any CPU
		Release|Any CPU = Release|Any CPU
	EndGlobalSection
	GlobalSection(ProjectConfigurationPlatforms) = postSolution
		{3C0704DA-5E9F-4176-8A57-02120A27EBDC}.Debug|Any CPU.ActiveCfg = Debug|Any CPU
		{3C0704DA-5E9F-4176-8A57-02120A27EBDC}.Debug|Any CPU.Build.0 = Debug|Any CPU
		{3C0704DA-5E9F-4176-8A57-02120A27EBDC}.Release|Any CPU.ActiveCfg = Release|Any CPU
		{3C0704DA-5E9F-4176-8A57-02120A27EBDC}.Release|Any CPU.Build.0 = Release|Any CPU
	EndGlobalSection
	GlobalSection(SolutionProperties) = preSolution
		HideSolutionNode = FALSE
	EndGlobalSection
	GlobalSection(ExtensibilityGlobals) = postSolution
		SolutionGuid = {7588B547-B0AA-40CE-9599-1E22AF78D228}
	EndGlobalSection
EndGlobal
